// !$*UTF8*$!
{
	archiveVersion = 1;
	classes = {
	};
	objectVersion = 50;
	objects = {

/* Begin PBXBuildFile section */
		9BD7FDB82740AF9800A9D8A4 /* AppDelegate.swift in Sources */ = {isa = PBXBuildFile; fileRef = 9BD7FDB72740AF9800A9D8A4 /* AppDelegate.swift */; };
		9BD7FDBA2740AF9800A9D8A4 /* ContentView.swift in Sources */ = {isa = PBXBuildFile; fileRef = 9BD7FDB92740AF9800A9D8A4 /* ContentView.swift */; };
		9BD7FDBC2740AF9900A9D8A4 /* Assets.xcassets in Resources */ = {isa = PBXBuildFile; fileRef = 9BD7FDBB2740AF9900A9D8A4 /* Assets.xcassets */; };
		9BD7FDBF2740AF9900A9D8A4 /* Preview Assets.xcassets in Resources */ = {isa = PBXBuildFile; fileRef = 9BD7FDBE2740AF9900A9D8A4 /* Preview Assets.xcassets */; };
		9BD7FDC22740AF9900A9D8A4 /* Main.storyboard in Resources */ = {isa = PBXBuildFile; fileRef = 9BD7FDC02740AF9900A9D8A4 /* Main.storyboard */; };
		9BD7FDCE2740AF9900A9D8A4 /* macos_xcuitest_practiceTests.swift in Sources */ = {isa = PBXBuildFile; fileRef = 9BD7FDCD2740AF9900A9D8A4 /* macos_xcuitest_practiceTests.swift */; };
		9BD7FDD92740AF9900A9D8A4 /* macos_xcuitest_practiceUITests.swift in Sources */ = {isa = PBXBuildFile; fileRef = 9BD7FDD82740AF9900A9D8A4 /* macos_xcuitest_practiceUITests.swift */; };
/* End PBXBuildFile section */

/* Begin PBXContainerItemProxy section */
		9BD7FDCA2740AF9900A9D8A4 /* PBXContainerItemProxy */ = {
			isa = PBXContainerItemProxy;
			containerPortal = 9BD7FDAC2740AF9800A9D8A4 /* Project object */;
			proxyType = 1;
			remoteGlobalIDString = 9BD7FDB32740AF9800A9D8A4;
			remoteInfo = "macos-xcuitest-practice";
		};
		9BD7FDD52740AF9900A9D8A4 /* PBXContainerItemProxy */ = {
			isa = PBXContainerItemProxy;
			containerPortal = 9BD7FDAC2740AF9800A9D8A4 /* Project object */;
			proxyType = 1;
			remoteGlobalIDString = 9BD7FDB32740AF9800A9D8A4;
			remoteInfo = "macos-xcuitest-practice";
		};
/* End PBXContainerItemProxy section */

/* Begin PBXFileReference section */
		9BD7FDB42740AF9800A9D8A4 /* macos-xcuitest-practice.app */ = {isa = PBXFileReference; explicitFileType = wrapper.application; includeInIndex = 0; path = "macos-xcuitest-practice.app"; sourceTree = BUILT_PRODUCTS_DIR; };
		9BD7FDB72740AF9800A9D8A4 /* AppDelegate.swift */ = {isa = PBXFileReference; lastKnownFileType = sourcecode.swift; path = AppDelegate.swift; sourceTree = "<group>"; };
		9BD7FDB92740AF9800A9D8A4 /* ContentView.swift */ = {isa = PBXFileReference; lastKnownFileType = sourcecode.swift; path = ContentView.swift; sourceTree = "<group>"; };
		9BD7FDBB2740AF9900A9D8A4 /* Assets.xcassets */ = {isa = PBXFileReference; lastKnownFileType = folder.assetcatalog; path = Assets.xcassets; sourceTree = "<group>"; };
		9BD7FDBE2740AF9900A9D8A4 /* Preview Assets.xcassets */ = {isa = PBXFileReference; lastKnownFileType = folder.assetcatalog; path = "Preview Assets.xcassets"; sourceTree = "<group>"; };
		9BD7FDC12740AF9900A9D8A4 /* Base */ = {isa = PBXFileReference; lastKnownFileType = file.storyboard; name = Base; path = Base.lproj/Main.storyboard; sourceTree = "<group>"; };
		9BD7FDC32740AF9900A9D8A4 /* Info.plist */ = {isa = PBXFileReference; lastKnownFileType = text.plist.xml; path = Info.plist; sourceTree = "<group>"; };
		9BD7FDC42740AF9900A9D8A4 /* macos_xcuitest_practice.entitlements */ = {isa = PBXFileReference; lastKnownFileType = text.plist.entitlements; path = macos_xcuitest_practice.entitlements; sourceTree = "<group>"; };
		9BD7FDC92740AF9900A9D8A4 /* macos-xcuitest-practiceTests.xctest */ = {isa = PBXFileReference; explicitFileType = wrapper.cfbundle; includeInIndex = 0; path = "macos-xcuitest-practiceTests.xctest"; sourceTree = BUILT_PRODUCTS_DIR; };
		9BD7FDCD2740AF9900A9D8A4 /* macos_xcuitest_practiceTests.swift */ = {isa = PBXFileReference; lastKnownFileType = sourcecode.swift; path = macos_xcuitest_practiceTests.swift; sourceTree = "<group>"; };
		9BD7FDCF2740AF9900A9D8A4 /* Info.plist */ = {isa = PBXFileReference; lastKnownFileType = text.plist.xml; path = Info.plist; sourceTree = "<group>"; };
		9BD7FDD42740AF9900A9D8A4 /* macos-xcuitest-practiceUITests.xctest */ = {isa = PBXFileReference; explicitFileType = wrapper.cfbundle; includeInIndex = 0; path = "macos-xcuitest-practiceUITests.xctest"; sourceTree = BUILT_PRODUCTS_DIR; };
		9BD7FDD82740AF9900A9D8A4 /* macos_xcuitest_practiceUITests.swift */ = {isa = PBXFileReference; lastKnownFileType = sourcecode.swift; path = macos_xcuitest_practiceUITests.swift; sourceTree = "<group>"; };
		9BD7FDDA2740AF9900A9D8A4 /* Info.plist */ = {isa = PBXFileReference; lastKnownFileType = text.plist.xml; path = Info.plist; sourceTree = "<group>"; };
/* End PBXFileReference section */

/* Begin PBXFrameworksBuildPhase section */
		9BD7FDB12740AF9800A9D8A4 /* Frameworks */ = {
			isa = PBXFrameworksBuildPhase;
			buildActionMask = 2147483647;
			files = (
			);
			runOnlyForDeploymentPostprocessing = 0;
		};
		9BD7FDC62740AF9900A9D8A4 /* Frameworks */ = {
			isa = PBXFrameworksBuildPhase;
			buildActionMask = 2147483647;
			files = (
			);
			runOnlyForDeploymentPostprocessing = 0;
		};
		9BD7FDD12740AF9900A9D8A4 /* Frameworks */ = {
			isa = PBXFrameworksBuildPhase;
			buildActionMask = 2147483647;
			files = (
			);
			runOnlyForDeploymentPostprocessing = 0;
		};
/* End PBXFrameworksBuildPhase section */

/* Begin PBXGroup section */
		9BD7FDAB2740AF9800A9D8A4 = {
			isa = PBXGroup;
			children = (
				9BD7FDB62740AF9800A9D8A4 /* macos-xcuitest-practice */,
				9BD7FDCC2740AF9900A9D8A4 /* macos-xcuitest-practiceTests */,
				9BD7FDD72740AF9900A9D8A4 /* macos-xcuitest-practiceUITests */,
				9BD7FDB52740AF9800A9D8A4 /* Products */,
			);
			sourceTree = "<group>";
		};
		9BD7FDB52740AF9800A9D8A4 /* Products */ = {
			isa = PBXGroup;
			children = (
				9BD7FDB42740AF9800A9D8A4 /* macos-xcuitest-practice.app */,
				9BD7FDC92740AF9900A9D8A4 /* macos-xcuitest-practiceTests.xctest */,
				9BD7FDD42740AF9900A9D8A4 /* macos-xcuitest-practiceUITests.xctest */,
			);
			name = Products;
			sourceTree = "<group>";
		};
		9BD7FDB62740AF9800A9D8A4 /* macos-xcuitest-practice */ = {
			isa = PBXGroup;
			children = (
				9BD7FDB72740AF9800A9D8A4 /* AppDelegate.swift */,
				9BD7FDB92740AF9800A9D8A4 /* ContentView.swift */,
				9BD7FDBB2740AF9900A9D8A4 /* Assets.xcassets */,
				9BD7FDC02740AF9900A9D8A4 /* Main.storyboard */,
				9BD7FDC32740AF9900A9D8A4 /* Info.plist */,
				9BD7FDC42740AF9900A9D8A4 /* macos_xcuitest_practice.entitlements */,
				9BD7FDBD2740AF9900A9D8A4 /* Preview Content */,
			);
			path = "macos-xcuitest-practice";
			sourceTree = "<group>";
		};
		9BD7FDBD2740AF9900A9D8A4 /* Preview Content */ = {
			isa = PBXGroup;
			children = (
				9BD7FDBE2740AF9900A9D8A4 /* Preview Assets.xcassets */,
			);
			path = "Preview Content";
			sourceTree = "<group>";
		};
		9BD7FDCC2740AF9900A9D8A4 /* macos-xcuitest-practiceTests */ = {
			isa = PBXGroup;
			children = (
				9BD7FDCD2740AF9900A9D8A4 /* macos_xcuitest_practiceTests.swift */,
				9BD7FDCF2740AF9900A9D8A4 /* Info.plist */,
			);
			path = "macos-xcuitest-practiceTests";
			sourceTree = "<group>";
		};
		9BD7FDD72740AF9900A9D8A4 /* macos-xcuitest-practiceUITests */ = {
			isa = PBXGroup;
			children = (
				9BD7FDD82740AF9900A9D8A4 /* macos_xcuitest_practiceUITests.swift */,
				9BD7FDDA2740AF9900A9D8A4 /* Info.plist */,
			);
			path = "macos-xcuitest-practiceUITests";
			sourceTree = "<group>";
		};
/* End PBXGroup section */

/* Begin PBXNativeTarget section */
		9BD7FDB32740AF9800A9D8A4 /* macos-xcuitest-practice */ = {
			isa = PBXNativeTarget;
			buildConfigurationList = 9BD7FDDD2740AF9900A9D8A4 /* Build configuration list for PBXNativeTarget "macos-xcuitest-practice" */;
			buildPhases = (
				9BD7FDB02740AF9800A9D8A4 /* Sources */,
				9BD7FDB12740AF9800A9D8A4 /* Frameworks */,
				9BD7FDB22740AF9800A9D8A4 /* Resources */,
			);
			buildRules = (
			);
			dependencies = (
			);
			name = "macos-xcuitest-practice";
			productName = "macos-xcuitest-practice";
			productReference = 9BD7FDB42740AF9800A9D8A4 /* macos-xcuitest-practice.app */;
			productType = "com.apple.product-type.application";
		};
		9BD7FDC82740AF9900A9D8A4 /* macos-xcuitest-practiceTests */ = {
			isa = PBXNativeTarget;
			buildConfigurationList = 9BD7FDE02740AF9900A9D8A4 /* Build configuration list for PBXNativeTarget "macos-xcuitest-practiceTests" */;
			buildPhases = (
				9BD7FDC52740AF9900A9D8A4 /* Sources */,
				9BD7FDC62740AF9900A9D8A4 /* Frameworks */,
				9BD7FDC72740AF9900A9D8A4 /* Resources */,
			);
			buildRules = (
			);
			dependencies = (
				9BD7FDCB2740AF9900A9D8A4 /* PBXTargetDependency */,
			);
			name = "macos-xcuitest-practiceTests";
			productName = "macos-xcuitest-practiceTests";
			productReference = 9BD7FDC92740AF9900A9D8A4 /* macos-xcuitest-practiceTests.xctest */;
			productType = "com.apple.product-type.bundle.unit-test";
		};
		9BD7FDD32740AF9900A9D8A4 /* macos-xcuitest-practiceUITests */ = {
			isa = PBXNativeTarget;
			buildConfigurationList = 9BD7FDE32740AF9900A9D8A4 /* Build configuration list for PBXNativeTarget "macos-xcuitest-practiceUITests" */;
			buildPhases = (
				9BD7FDD02740AF9900A9D8A4 /* Sources */,
				9BD7FDD12740AF9900A9D8A4 /* Frameworks */,
				9BD7FDD22740AF9900A9D8A4 /* Resources */,
			);
			buildRules = (
			);
			dependencies = (
				9BD7FDD62740AF9900A9D8A4 /* PBXTargetDependency */,
			);
			name = "macos-xcuitest-practiceUITests";
			productName = "macos-xcuitest-practiceUITests";
			productReference = 9BD7FDD42740AF9900A9D8A4 /* macos-xcuitest-practiceUITests.xctest */;
			productType = "com.apple.product-type.bundle.ui-testing";
		};
/* End PBXNativeTarget section */

/* Begin PBXProject section */
		9BD7FDAC2740AF9800A9D8A4 /* Project object */ = {
			isa = PBXProject;
			attributes = {
				LastSwiftUpdateCheck = 1250;
				LastUpgradeCheck = 1250;
				TargetAttributes = {
					9BD7FDB32740AF9800A9D8A4 = {
						CreatedOnToolsVersion = 12.5.1;
					};
					9BD7FDC82740AF9900A9D8A4 = {
						CreatedOnToolsVersion = 12.5.1;
						TestTargetID = 9BD7FDB32740AF9800A9D8A4;
					};
					9BD7FDD32740AF9900A9D8A4 = {
						CreatedOnToolsVersion = 12.5.1;
						TestTargetID = 9BD7FDB32740AF9800A9D8A4;
					};
				};
			};
			buildConfigurationList = 9BD7FDAF2740AF9800A9D8A4 /* Build configuration list for PBXProject "macos-xcuitest-practice" */;
			compatibilityVersion = "Xcode 9.3";
			developmentRegion = en;
			hasScannedForEncodings = 0;
			knownRegions = (
				en,
				Base,
			);
			mainGroup = 9BD7FDAB2740AF9800A9D8A4;
			productRefGroup = 9BD7FDB52740AF9800A9D8A4 /* Products */;
			projectDirPath = "";
			projectRoot = "";
			targets = (
				9BD7FDB32740AF9800A9D8A4 /* macos-xcuitest-practice */,
				9BD7FDC82740AF9900A9D8A4 /* macos-xcuitest-practiceTests */,
				9BD7FDD32740AF9900A9D8A4 /* macos-xcuitest-practiceUITests */,
			);
		};
/* End PBXProject section */

/* Begin PBXResourcesBuildPhase section */
		9BD7FDB22740AF9800A9D8A4 /* Resources */ = {
			isa = PBXResourcesBuildPhase;
			buildActionMask = 2147483647;
			files = (
				9BD7FDC22740AF9900A9D8A4 /* Main.storyboard in Resources */,
				9BD7FDBF2740AF9900A9D8A4 /* Preview Assets.xcassets in Resources */,
				9BD7FDBC2740AF9900A9D8A4 /* Assets.xcassets in Resources */,
			);
			runOnlyForDeploymentPostprocessing = 0;
		};
		9BD7FDC72740AF9900A9D8A4 /* Resources */ = {
			isa = PBXResourcesBuildPhase;
			buildActionMask = 2147483647;
			files = (
			);
			runOnlyForDeploymentPostprocessing = 0;
		};
		9BD7FDD22740AF9900A9D8A4 /* Resources */ = {
			isa = PBXResourcesBuildPhase;
			buildActionMask = 2147483647;
			files = (
			);
			runOnlyForDeploymentPostprocessing = 0;
		};
/* End PBXResourcesBuildPhase section */

/* Begin PBXSourcesBuildPhase section */
		9BD7FDB02740AF9800A9D8A4 /* Sources */ = {
			isa = PBXSourcesBuildPhase;
			buildActionMask = 2147483647;
			files = (
				9BD7FDBA2740AF9800A9D8A4 /* ContentView.swift in Sources */,
				9BD7FDB82740AF9800A9D8A4 /* AppDelegate.swift in Sources */,
			);
			runOnlyForDeploymentPostprocessing = 0;
		};
		9BD7FDC52740AF9900A9D8A4 /* Sources */ = {
			isa = PBXSourcesBuildPhase;
			buildActionMask = 2147483647;
			files = (
				9BD7FDCE2740AF9900A9D8A4 /* macos_xcuitest_practiceTests.swift in Sources */,
			);
			runOnlyForDeploymentPostprocessing = 0;
		};
		9BD7FDD02740AF9900A9D8A4 /* Sources */ = {
			isa = PBXSourcesBuildPhase;
			buildActionMask = 2147483647;
			files = (
				9BD7FDD92740AF9900A9D8A4 /* macos_xcuitest_practiceUITests.swift in Sources */,
			);
			runOnlyForDeploymentPostprocessing = 0;
		};
/* End PBXSourcesBuildPhase section */

/* Begin PBXTargetDependency section */
		9BD7FDCB2740AF9900A9D8A4 /* PBXTargetDependency */ = {
			isa = PBXTargetDependency;
			target = 9BD7FDB32740AF9800A9D8A4 /* macos-xcuitest-practice */;
			targetProxy = 9BD7FDCA2740AF9900A9D8A4 /* PBXContainerItemProxy */;
		};
		9BD7FDD62740AF9900A9D8A4 /* PBXTargetDependency */ = {
			isa = PBXTargetDependency;
			target = 9BD7FDB32740AF9800A9D8A4 /* macos-xcuitest-practice */;
			targetProxy = 9BD7FDD52740AF9900A9D8A4 /* PBXContainerItemProxy */;
		};
/* End PBXTargetDependency section */

/* Begin PBXVariantGroup section */
		9BD7FDC02740AF9900A9D8A4 /* Main.storyboard */ = {
			isa = PBXVariantGroup;
			children = (
				9BD7FDC12740AF9900A9D8A4 /* Base */,
			);
			name = Main.storyboard;
			sourceTree = "<group>";
		};
/* End PBXVariantGroup section */

/* Begin XCBuildConfiguration section */
		9BD7FDDB2740AF9900A9D8A4 /* Debug */ = {
			isa = XCBuildConfiguration;
			buildSettings = {
				ALWAYS_SEARCH_USER_PATHS = NO;
				CLANG_ANALYZER_NONNULL = YES;
				CLANG_ANALYZER_NUMBER_OBJECT_CONVERSION = YES_AGGRESSIVE;
				CLANG_CXX_LANGUAGE_STANDARD = "gnu++14";
				CLANG_CXX_LIBRARY = "libc++";
				CLANG_ENABLE_MODULES = YES;
				CLANG_ENABLE_OBJC_ARC = YES;
				CLANG_ENABLE_OBJC_WEAK = YES;
				CLANG_WARN_BLOCK_CAPTURE_AUTORELEASING = YES;
				CLANG_WARN_BOOL_CONVERSION = YES;
				CLANG_WARN_COMMA = YES;
				CLANG_WARN_CONSTANT_CONVERSION = YES;
				CLANG_WARN_DEPRECATED_OBJC_IMPLEMENTATIONS = YES;
				CLANG_WARN_DIRECT_OBJC_ISA_USAGE = YES_ERROR;
				CLANG_WARN_DOCUMENTATION_COMMENTS = YES;
				CLANG_WARN_EMPTY_BODY = YES;
				CLANG_WARN_ENUM_CONVERSION = YES;
				CLANG_WARN_INFINITE_RECURSION = YES;
				CLANG_WARN_INT_CONVERSION = YES;
				CLANG_WARN_NON_LITERAL_NULL_CONVERSION = YES;
				CLANG_WARN_OBJC_IMPLICIT_RETAIN_SELF = YES;
				CLANG_WARN_OBJC_LITERAL_CONVERSION = YES;
				CLANG_WARN_OBJC_ROOT_CLASS = YES_ERROR;
				CLANG_WARN_QUOTED_INCLUDE_IN_FRAMEWORK_HEADER = YES;
				CLANG_WARN_RANGE_LOOP_ANALYSIS = YES;
				CLANG_WARN_STRICT_PROTOTYPES = YES;
				CLANG_WARN_SUSPICIOUS_MOVE = YES;
				CLANG_WARN_UNGUARDED_AVAILABILITY = YES_AGGRESSIVE;
				CLANG_WARN_UNREACHABLE_CODE = YES;
				CLANG_WARN__DUPLICATE_METHOD_MATCH = YES;
				COPY_PHASE_STRIP = NO;
				DEBUG_INFORMATION_FORMAT = dwarf;
				ENABLE_STRICT_OBJC_MSGSEND = YES;
				ENABLE_TESTABILITY = YES;
				GCC_C_LANGUAGE_STANDARD = gnu11;
				GCC_DYNAMIC_NO_PIC = NO;
				GCC_NO_COMMON_BLOCKS = YES;
				GCC_OPTIMIZATION_LEVEL = 0;
				GCC_PREPROCESSOR_DEFINITIONS = (
					"DEBUG=1",
					"$(inherited)",
				);
				GCC_WARN_64_TO_32_BIT_CONVERSION = YES;
				GCC_WARN_ABOUT_RETURN_TYPE = YES_ERROR;
				GCC_WARN_UNDECLARED_SELECTOR = YES;
				GCC_WARN_UNINITIALIZED_AUTOS = YES_AGGRESSIVE;
				GCC_WARN_UNUSED_FUNCTION = YES;
				GCC_WARN_UNUSED_VARIABLE = YES;
				MACOSX_DEPLOYMENT_TARGET = 11.3;
				MTL_ENABLE_DEBUG_INFO = INCLUDE_SOURCE;
				MTL_FAST_MATH = YES;
				ONLY_ACTIVE_ARCH = YES;
				SDKROOT = macosx;
				SWIFT_ACTIVE_COMPILATION_CONDITIONS = DEBUG;
				SWIFT_OPTIMIZATION_LEVEL = "-Onone";
			};
			name = Debug;
		};
		9BD7FDDC2740AF9900A9D8A4 /* Release */ = {
			isa = XCBuildConfiguration;
			buildSettings = {
				ALWAYS_SEARCH_USER_PATHS = NO;
				CLANG_ANALYZER_NONNULL = YES;
				CLANG_ANALYZER_NUMBER_OBJECT_CONVERSION = YES_AGGRESSIVE;
				CLANG_CXX_LANGUAGE_STANDARD = "gnu++14";
				CLANG_CXX_LIBRARY = "libc++";
				CLANG_ENABLE_MODULES = YES;
				CLANG_ENABLE_OBJC_ARC = YES;
				CLANG_ENABLE_OBJC_WEAK = YES;
				CLANG_WARN_BLOCK_CAPTURE_AUTORELEASING = YES;
				CLANG_WARN_BOOL_CONVERSION = YES;
				CLANG_WARN_COMMA = YES;
				CLANG_WARN_CONSTANT_CONVERSION = YES;
				CLANG_WARN_DEPRECATED_OBJC_IMPLEMENTATIONS = YES;
				CLANG_WARN_DIRECT_OBJC_ISA_USAGE = YES_ERROR;
				CLANG_WARN_DOCUMENTATION_COMMENTS = YES;
				CLANG_WARN_EMPTY_BODY = YES;
				CLANG_WARN_ENUM_CONVERSION = YES;
				CLANG_WARN_INFINITE_RECURSION = YES;
				CLANG_WARN_INT_CONVERSION = YES;
				CLANG_WARN_NON_LITERAL_NULL_CONVERSION = YES;
				CLANG_WARN_OBJC_IMPLICIT_RETAIN_SELF = YES;
				CLANG_WARN_OBJC_LITERAL_CONVERSION = YES;
				CLANG_WARN_OBJC_ROOT_CLASS = YES_ERROR;
				CLANG_WARN_QUOTED_INCLUDE_IN_FRAMEWORK_HEADER = YES;
				CLANG_WARN_RANGE_LOOP_ANALYSIS = YES;
				CLANG_WARN_STRICT_PROTOTYPES = YES;
				CLANG_WARN_SUSPICIOUS_MOVE = YES;
				CLANG_WARN_UNGUARDED_AVAILABILITY = YES_AGGRESSIVE;
				CLANG_WARN_UNREACHABLE_CODE = YES;
				CLANG_WARN__DUPLICATE_METHOD_MATCH = YES;
				COPY_PHASE_STRIP = NO;
				DEBUG_INFORMATION_FORMAT = "dwarf-with-dsym";
				ENABLE_NS_ASSERTIONS = NO;
				ENABLE_STRICT_OBJC_MSGSEND = YES;
				GCC_C_LANGUAGE_STANDARD = gnu11;
				GCC_NO_COMMON_BLOCKS = YES;
				GCC_WARN_64_TO_32_BIT_CONVERSION = YES;
				GCC_WARN_ABOUT_RETURN_TYPE = YES_ERROR;
				GCC_WARN_UNDECLARED_SELECTOR = YES;
				GCC_WARN_UNINITIALIZED_AUTOS = YES_AGGRESSIVE;
				GCC_WARN_UNUSED_FUNCTION = YES;
				GCC_WARN_UNUSED_VARIABLE = YES;
				MACOSX_DEPLOYMENT_TARGET = 11.3;
				MTL_ENABLE_DEBUG_INFO = NO;
				MTL_FAST_MATH = YES;
				SDKROOT = macosx;
				SWIFT_COMPILATION_MODE = wholemodule;
				SWIFT_OPTIMIZATION_LEVEL = "-O";
			};
			name = Release;
		};
		9BD7FDDE2740AF9900A9D8A4 /* Debug */ = {
			isa = XCBuildConfiguration;
			buildSettings = {
				ASSETCATALOG_COMPILER_APPICON_NAME = AppIcon;
				ASSETCATALOG_COMPILER_GLOBAL_ACCENT_COLOR_NAME = AccentColor;
				CODE_SIGN_ENTITLEMENTS = "macos-xcuitest-practice/macos_xcuitest_practice.entitlements";
				CODE_SIGN_STYLE = Automatic;
				COMBINE_HIDPI_IMAGES = YES;
				DEVELOPMENT_ASSET_PATHS = "\"macos-xcuitest-practice/Preview Content\"";
				ENABLE_PREVIEWS = YES;
				INFOPLIST_FILE = "macos-xcuitest-practice/Info.plist";
				LD_RUNPATH_SEARCH_PATHS = (
					"$(inherited)",
					"@executable_path/../Frameworks",
				);
				MACOSX_DEPLOYMENT_TARGET = 10.15;
				PRODUCT_BUNDLE_IDENTIFIER = "com.soudegesu.macos-xcuitest-practice";
				PRODUCT_NAME = "$(TARGET_NAME)";
				SWIFT_VERSION = 5.0;
			};
			name = Debug;
		};
		9BD7FDDF2740AF9900A9D8A4 /* Release */ = {
			isa = XCBuildConfiguration;
			buildSettings = {
				ASSETCATALOG_COMPILER_APPICON_NAME = AppIcon;
				ASSETCATALOG_COMPILER_GLOBAL_ACCENT_COLOR_NAME = AccentColor;
				CODE_SIGN_ENTITLEMENTS = "macos-xcuitest-practice/macos_xcuitest_practice.entitlements";
				CODE_SIGN_STYLE = Automatic;
				COMBINE_HIDPI_IMAGES = YES;
				DEVELOPMENT_ASSET_PATHS = "\"macos-xcuitest-practice/Preview Content\"";
				ENABLE_PREVIEWS = YES;
				INFOPLIST_FILE = "macos-xcuitest-practice/Info.plist";
				LD_RUNPATH_SEARCH_PATHS = (
					"$(inherited)",
					"@executable_path/../Frameworks",
				);
				MACOSX_DEPLOYMENT_TARGET = 10.15;
				PRODUCT_BUNDLE_IDENTIFIER = "com.soudegesu.macos-xcuitest-practice";
				PRODUCT_NAME = "$(TARGET_NAME)";
				SWIFT_VERSION = 5.0;
			};
			name = Release;
		};
		9BD7FDE12740AF9900A9D8A4 /* Debug */ = {
			isa = XCBuildConfiguration;
			buildSettings = {
				ALWAYS_EMBED_SWIFT_STANDARD_LIBRARIES = YES;
				BUNDLE_LOADER = "$(TEST_HOST)";
				CODE_SIGN_STYLE = Automatic;
				COMBINE_HIDPI_IMAGES = YES;
				INFOPLIST_FILE = "macos-xcuitest-practiceTests/Info.plist";
				LD_RUNPATH_SEARCH_PATHS = (
					"$(inherited)",
					"@executable_path/../Frameworks",
					"@loader_path/../Frameworks",
				);
				MACOSX_DEPLOYMENT_TARGET = 10.15;
				PRODUCT_BUNDLE_IDENTIFIER = "com.soudegesu.macos-xcuitest-practiceTests";
				PRODUCT_NAME = "$(TARGET_NAME)";
				SWIFT_VERSION = 5.0;
				TEST_HOST = "$(BUILT_PRODUCTS_DIR)/macos-xcuitest-practice.app/Contents/MacOS/macos-xcuitest-practice";
			};
			name = Debug;
		};
		9BD7FDE22740AF9900A9D8A4 /* Release */ = {
			isa = XCBuildConfiguration;
			buildSettings = {
				ALWAYS_EMBED_SWIFT_STANDARD_LIBRARIES = YES;
				BUNDLE_LOADER = "$(TEST_HOST)";
				CODE_SIGN_STYLE = Automatic;
				COMBINE_HIDPI_IMAGES = YES;
				INFOPLIST_FILE = "macos-xcuitest-practiceTests/Info.plist";
				LD_RUNPATH_SEARCH_PATHS = (
					"$(inherited)",
					"@executable_path/../Frameworks",
					"@loader_path/../Frameworks",
				);
				MACOSX_DEPLOYMENT_TARGET = 10.15;
				PRODUCT_BUNDLE_IDENTIFIER = "com.soudegesu.macos-xcuitest-practiceTests";
				PRODUCT_NAME = "$(TARGET_NAME)";
				SWIFT_VERSION = 5.0;
				TEST_HOST = "$(BUILT_PRODUCTS_DIR)/macos-xcuitest-practice.app/Contents/MacOS/macos-xcuitest-practice";
			};
			name = Release;
		};
		9BD7FDE42740AF9900A9D8A4 /* Debug */ = {
			isa = XCBuildConfiguration;
			buildSettings = {
				ALWAYS_EMBED_SWIFT_STANDARD_LIBRARIES = YES;
				CODE_SIGN_STYLE = Automatic;
				COMBINE_HIDPI_IMAGES = YES;
				INFOPLIST_FILE = "macos-xcuitest-practiceUITests/Info.plist";
				LD_RUNPATH_SEARCH_PATHS = (
					"$(inherited)",
					"@executable_path/../Frameworks",
					"@loader_path/../Frameworks",
				);
				PRODUCT_BUNDLE_IDENTIFIER = "com.soudegesu.macos-xcuitest-practiceUITests";
				PRODUCT_NAME = "$(TARGET_NAME)";
				SWIFT_VERSION = 5.0;
				TEST_TARGET_NAME = "macos-xcuitest-practice";
			};
			name = Debug;
		};
		9BD7FDE52740AF9900A9D8A4 /* Release */ = {
			isa = XCBuildConfiguration;
			buildSettings = {
				ALWAYS_EMBED_SWIFT_STANDARD_LIBRARIES = YES;
				CODE_SIGN_STYLE = Automatic;
				COMBINE_HIDPI_IMAGES = YES;
				INFOPLIST_FILE = "macos-xcuitest-practiceUITests/Info.plist";
				LD_RUNPATH_SEARCH_PATHS = (
					"$(inherited)",
					"@executable_path/../Frameworks",
					"@loader_path/../Frameworks",
				);
				PRODUCT_BUNDLE_IDENTIFIER = "com.soudegesu.macos-xcuitest-practiceUITests";
				PRODUCT_NAME = "$(TARGET_NAME)";
				SWIFT_VERSION = 5.0;
				TEST_TARGET_NAME = "macos-xcuitest-practice";
			};
			name = Release;
		};
/* End XCBuildConfiguration section */

/* Begin XCConfigurationList section */
		9BD7FDAF2740AF9800A9D8A4 /* Build configuration list for PBXProject "macos-xcuitest-practice" */ = {
			isa = XCConfigurationList;
			buildConfigurations = (
				9BD7FDDB2740AF9900A9D8A4 /* Debug */,
				9BD7FDDC2740AF9900A9D8A4 /* Release */,
			);
			defaultConfigurationIsVisible = 0;
			defaultConfigurationName = Release;
		};
		9BD7FDDD2740AF9900A9D8A4 /* Build configuration list for PBXNativeTarget "macos-xcuitest-practice" */ = {
			isa = XCConfigurationList;
			buildConfigurations = (
				9BD7FDDE2740AF9900A9D8A4 /* Debug */,
				9BD7FDDF2740AF9900A9D8A4 /* Release */,
			);
			defaultConfigurationIsVisible = 0;
			defaultConfigurationName = Release;
		};
		9BD7FDE02740AF9900A9D8A4 /* Build configuration list for PBXNativeTarget "macos-xcuitest-practiceTests" */ = {
			isa = XCConfigurationList;
			buildConfigurations = (
				9BD7FDE12740AF9900A9D8A4 /* Debug */,
				9BD7FDE22740AF9900A9D8A4 /* Release */,
			);
			defaultConfigurationIsVisible = 0;
			defaultConfigurationName = Release;
		};
		9BD7FDE32740AF9900A9D8A4 /* Build configuration list for PBXNativeTarget "macos-xcuitest-practiceUITests" */ = {
			isa = XCConfigurationList;
			buildConfigurations = (
				9BD7FDE42740AF9900A9D8A4 /* Debug */,
				9BD7FDE52740AF9900A9D8A4 /* Release */,
			);
			defaultConfigurationIsVisible = 0;
			defaultConfigurationName = Release;
		};
/* End XCConfigurationList section */
	};
	rootObject = 9BD7FDAC2740AF9800A9D8A4 /* Project object */;
}
